<?xml version="1.0" encoding="utf-8"?>
<Project ToolsVersion="4.0" xmlns="http://schemas.microsoft.com/developer/msbuild/2003">
  <ItemGroup>
    <Filter Include="Source Files">
      <UniqueIdentifier>{4FC737F1-C7A5-4376-A066-2A32D752A2FF}</UniqueIdentifier>
      <Extensions>cpp;c;cc;cxx;c++;cppm;ixx;def;odl;idl;hpj;bat;asm;asmx</Extensions>
    </Filter>
    <Filter Include="Header Files">
      <UniqueIdentifier>{93995380-89BD-4b04-88EB-625FBE52EBFB}</UniqueIdentifier>
      <Extensions>h;hh;hpp;hxx;h++;hm;inl;inc;ipp;xsd</Extensions>
    </Filter>
    <Filter Include="Resource Files">
      <UniqueIdentifier>{67DA6AB6-F800-4c08-8B7A-83BB121AAD01}</UniqueIdentifier>
      <Extensions>rc;ico;cur;bmp;dlg;rc2;rct;bin;rgs;gif;jpg;jpeg;jpe;resx;tiff;tif;png;wav;mfcribbon-ms</Extensions>
    </Filter>
    <Filter Include="Source Files\world">
      <UniqueIdentifier>{8acbe65f-cffc-4cd7-9520-924862ee6374}</UniqueIdentifier>
    </Filter>
    <Filter Include="Source Files\core">
      <UniqueIdentifier>{a1d94e84-45e6-4278-883c-1b6724847af4}</UniqueIdentifier>
    </Filter>
    <Filter Include="Source Files\entities">
      <UniqueIdentifier>{bf577db1-b854-4be9-a4af-30e5d0a14f1a}</UniqueIdentifier>
    </Filter>
    <Filter Include="Source Files\items">
      <UniqueIdentifier>{9f3211b1-1118-4df1-ac61-d0e548de7f56}</UniqueIdentifier>
    </Filter>
    <Filter Include="Source Files\systems">
      <UniqueIdentifier>{24913467-bf19-4855-bb2d-d956aad3a139}</UniqueIdentifier>
    </Filter>
    <Filter Include="Header Files\items">
      <UniqueIdentifier>{d32fab18-b5f2-4196-9642-4ad96fc000b6}</UniqueIdentifier>
    </Filter>
    <Filter Include="Header Files\core">
      <UniqueIdentifier>{a3fed473-046f-4fb8-b6f0-d2f3ad925d5a}</UniqueIdentifier>
    </Filter>
    <Filter Include="Header Files\entities">
      <UniqueIdentifier>{980d4a01-2d79-48b7-8453-6df98d29bc25}</UniqueIdentifier>
    </Filter>
    <Filter Include="Header Files\world">
      <UniqueIdentifier>{33158b37-e73e-4ceb-b155-b795c0f6bbdb}</UniqueIdentifier>
    </Filter>
    <Filter Include="Header Files\systems">
      <UniqueIdentifier>{c321270b-8336-4583-8b4c-15f9a3e83c9a}</UniqueIdentifier>
    </Filter>
  </ItemGroup>
  <ItemGroup>
    <ClCompile Include="main.cpp">
      <Filter>Source Files</Filter>
    </ClCompile>
    <ClCompile Include="Location.cpp">
      <Filter>Source Files\world</Filter>
    </ClCompile>
    <ClCompile Include="Item.cpp">
      <Filter>Source Files\items</Filter>
    </ClCompile>
    <ClCompile Include="Player.cpp">
      <Filter>Source Files\entities</Filter>
    </ClCompile>
    <ClCompile Include="GameEngine.cpp">
      <Filter>Source Files\core</Filter>
    </ClCompile>
    <ClCompile Include="Stimpack.cpp">
      <Filter>Source Files\items</Filter>
    </ClCompile>
    <ClCompile Include="HackingTool.cpp">
      <Filter>Source Files\items</Filter>
    </ClCompile>
    <ClCompile Include="Keycard.cpp">
      <Filter>Source Files\items</Filter>
    </ClCompile>
    <ClCompile Include="NPC.cpp">
      <Filter>Source Files\entities</Filter>
    </ClCompile>
    <ClCompile Include="TextEffects.cpp">
      <Filter>Source Files\systems</Filter>
    </ClCompile>
    <ClCompile Include="WorldBuilder.cpp">
      <Filter>Source Files\core</Filter>
    </ClCompile>
    <ClCompile Include="ItemBuilder.cpp">
      <Filter>Source Files\core</Filter>
    </ClCompile>
    <ClCompile Include="NPCBuilder.cpp">
      <Filter>Source Files\core</Filter>
    </ClCompile>
    <ClCompile Include="Act3Manager.cpp">
      <Filter>Source Files\core</Filter>
    </ClCompile>
  </ItemGroup>
  <ItemGroup>
    <ClInclude Include="Item.h">
      <Filter>Header Files\items</Filter>
    </ClInclude>
    <ClInclude Include="Stimpack.h">
      <Filter>Header Files\items</Filter>
    </ClInclude>
    <ClInclude Include="GameEngine.h">
      <Filter>Header Files\core</Filter>
    </ClInclude>
    <ClInclude Include="Player.h">
      <Filter>Header Files\entities</Filter>
    </ClInclude>
    <ClInclude Include="Location.h">
      <Filter>Header Files\world</Filter>
    </ClInclude>
    <ClInclude Include="HackingTool.h">
      <Filter>Header Files\items</Filter>
    </ClInclude>
    <ClInclude Include="Keycard.h">
      <Filter>Header Files\items</Filter>
    </ClInclude>
    <ClInclude Include="NPC.h">
      <Filter>Header Files\entities</Filter>
    </ClInclude>
    <ClInclude Include="TextEffects.h">
      <Filter>Header Files\systems</Filter>
    </ClInclude>
    <ClInclude Include="WorldBuilder.h">
      <Filter>Header Files\core</Filter>
    </ClInclude>
    <ClInclude Include="ItemBuilder.h">
      <Filter>Header Files\core</Filter>
    </ClInclude>
    <ClInclude Include="NPCBuilder.h">
      <Filter>Header Files\core</Filter>
    </ClInclude>
    <ClInclude Include="Act3Manager.h">
      <Filter>Header Files\core</Filter>
    </ClInclude>
  </ItemGroup>
</Project>